// !$*UTF8*$!
{
	archiveVersion = 1;
	classes = {
	};
	objectVersion = 50;
	objects = {

/* Begin PBXBuildFile section */
		796DDE4C256B253A00ED7963 /* AppDelegate.swift in Sources */ = {isa = PBXBuildFile; fileRef = 796DDE4B256B253A00ED7963 /* AppDelegate.swift */; };
		796DDE4E256B253A00ED7963 /* SceneDelegate.swift in Sources */ = {isa = PBXBuildFile; fileRef = 796DDE4D256B253A00ED7963 /* SceneDelegate.swift */; };
		796DDE50256B253A00ED7963 /* HomeViewController.swift in Sources */ = {isa = PBXBuildFile; fileRef = 796DDE4F256B253A00ED7963 /* HomeViewController.swift */; };
		796DDE53256B253A00ED7963 /* Main.storyboard in Resources */ = {isa = PBXBuildFile; fileRef = 796DDE51256B253A00ED7963 /* Main.storyboard */; };
		796DDE56256B253A00ED7963 /* Inventroy_System.xcdatamodeld in Sources */ = {isa = PBXBuildFile; fileRef = 796DDE54256B253A00ED7963 /* Inventroy_System.xcdatamodeld */; };
		796DDE58256B254100ED7963 /* Assets.xcassets in Resources */ = {isa = PBXBuildFile; fileRef = 796DDE57256B254100ED7963 /* Assets.xcassets */; };
		796DDE5B256B254100ED7963 /* LaunchScreen.storyboard in Resources */ = {isa = PBXBuildFile; fileRef = 796DDE59256B254100ED7963 /* LaunchScreen.storyboard */; };
		796DDE6B256B271300ED7963 /* HomeTableViewCell.swift in Sources */ = {isa = PBXBuildFile; fileRef = 796DDE69256B271300ED7963 /* HomeTableViewCell.swift */; };
		796DDE6C256B271300ED7963 /* HomeTableViewCell.xib in Resources */ = {isa = PBXBuildFile; fileRef = 796DDE6A256B271300ED7963 /* HomeTableViewCell.xib */; };
		796DDE70256B2CC200ED7963 /* AddProductViewController.swift in Sources */ = {isa = PBXBuildFile; fileRef = 796DDE6F256B2CC200ED7963 /* AddProductViewController.swift */; };
		796DDE75256B34E500ED7963 /* Product+CoreDataClass.swift in Sources */ = {isa = PBXBuildFile; fileRef = 796DDE73256B34E500ED7963 /* Product+CoreDataClass.swift */; };
		796DDE76256B34E500ED7963 /* Product+CoreDataProperties.swift in Sources */ = {isa = PBXBuildFile; fileRef = 796DDE74256B34E500ED7963 /* Product+CoreDataProperties.swift */; };
/* End PBXBuildFile section */

/* Begin PBXFileReference section */
		796DDE48256B253A00ED7963 /* Inventroy System.app */ = {isa = PBXFileReference; explicitFileType = wrapper.application; includeInIndex = 0; path = "Inventroy System.app"; sourceTree = BUILT_PRODUCTS_DIR; };
		796DDE4B256B253A00ED7963 /* AppDelegate.swift */ = {isa = PBXFileReference; lastKnownFileType = sourcecode.swift; path = AppDelegate.swift; sourceTree = "<group>"; };
		796DDE4D256B253A00ED7963 /* SceneDelegate.swift */ = {isa = PBXFileReference; lastKnownFileType = sourcecode.swift; path = SceneDelegate.swift; sourceTree = "<group>"; };
		796DDE4F256B253A00ED7963 /* HomeViewController.swift */ = {isa = PBXFileReference; lastKnownFileType = sourcecode.swift; path = HomeViewController.swift; sourceTree = "<group>"; };
		796DDE52256B253A00ED7963 /* Base */ = {isa = PBXFileReference; lastKnownFileType = file.storyboard; name = Base; path = Base.lproj/Main.storyboard; sourceTree = "<group>"; };
		796DDE55256B253A00ED7963 /* Inventroy_System.xcdatamodel */ = {isa = PBXFileReference; lastKnownFileType = wrapper.xcdatamodel; path = Inventroy_System.xcdatamodel; sourceTree = "<group>"; };
		796DDE57256B254100ED7963 /* Assets.xcassets */ = {isa = PBXFileReference; lastKnownFileType = folder.assetcatalog; path = Assets.xcassets; sourceTree = "<group>"; };
		796DDE5A256B254100ED7963 /* Base */ = {isa = PBXFileReference; lastKnownFileType = file.storyboard; name = Base; path = Base.lproj/LaunchScreen.storyboard; sourceTree = "<group>"; };
		796DDE5C256B254100ED7963 /* Info.plist */ = {isa = PBXFileReference; lastKnownFileType = text.plist.xml; path = Info.plist; sourceTree = "<group>"; };
		796DDE69256B271300ED7963 /* HomeTableViewCell.swift */ = {isa = PBXFileReference; lastKnownFileType = sourcecode.swift; path = HomeTableViewCell.swift; sourceTree = "<group>"; };
		796DDE6A256B271300ED7963 /* HomeTableViewCell.xib */ = {isa = PBXFileReference; lastKnownFileType = file.xib; path = HomeTableViewCell.xib; sourceTree = "<group>"; };
		796DDE6F256B2CC200ED7963 /* AddProductViewController.swift */ = {isa = PBXFileReference; lastKnownFileType = sourcecode.swift; path = AddProductViewController.swift; sourceTree = "<group>"; };
		796DDE73256B34E500ED7963 /* Product+CoreDataClass.swift */ = {isa = PBXFileReference; lastKnownFileType = sourcecode.swift; path = "Product+CoreDataClass.swift"; sourceTree = "<group>"; };
		796DDE74256B34E500ED7963 /* Product+CoreDataProperties.swift */ = {isa = PBXFileReference; lastKnownFileType = sourcecode.swift; path = "Product+CoreDataProperties.swift"; sourceTree = "<group>"; };
/* End PBXFileReference section */

/* Begin PBXFrameworksBuildPhase section */
		796DDE45256B253A00ED7963 /* Frameworks */ = {
			isa = PBXFrameworksBuildPhase;
			buildActionMask = 2147483647;
			files = (
			);
			runOnlyForDeploymentPostprocessing = 0;
		};
/* End PBXFrameworksBuildPhase section */

/* Begin PBXGroup section */
		796DDE3F256B253900ED7963 = {
			isa = PBXGroup;
			children = (
				796DDE4A256B253A00ED7963 /* Inventroy System */,
				796DDE49256B253A00ED7963 /* Products */,
			);
			sourceTree = "<group>";
		};
		796DDE49256B253A00ED7963 /* Products */ = {
			isa = PBXGroup;
			children = (
				796DDE48256B253A00ED7963 /* Inventroy System.app */,
			);
			name = Products;
			sourceTree = "<group>";
		};
		796DDE4A256B253A00ED7963 /* Inventroy System */ = {
			isa = PBXGroup;
			children = (
				796DDE65256B25C800ED7963 /* Model */,
				796DDE64256B25C100ED7963 /* View */,
				796DDE63256B25B900ED7963 /* Controller */,
				796DDE4B256B253A00ED7963 /* AppDelegate.swift */,
				796DDE4D256B253A00ED7963 /* SceneDelegate.swift */,
				796DDE57256B254100ED7963 /* Assets.xcassets */,
				796DDE5C256B254100ED7963 /* Info.plist */,
				796DDE54256B253A00ED7963 /* Inventroy_System.xcdatamodeld */,
			);
			path = "Inventroy System";
			sourceTree = "<group>";
		};
		796DDE63256B25B900ED7963 /* Controller */ = {
			isa = PBXGroup;
			children = (
				796DDE6E256B2CA500ED7963 /* AddProduct */,
				796DDE67256B26DC00ED7963 /* Home */,
			);
			path = Controller;
			sourceTree = "<group>";
		};
		796DDE64256B25C100ED7963 /* View */ = {
			isa = PBXGroup;
			children = (
				796DDE51256B253A00ED7963 /* Main.storyboard */,
				796DDE59256B254100ED7963 /* LaunchScreen.storyboard */,
			);
			path = View;
			sourceTree = "<group>";
		};
		796DDE65256B25C800ED7963 /* Model */ = {
			isa = PBXGroup;
			children = (
				796DDE73256B34E500ED7963 /* Product+CoreDataClass.swift */,
				796DDE74256B34E500ED7963 /* Product+CoreDataProperties.swift */,
			);
			path = Model;
			sourceTree = "<group>";
		};
		796DDE67256B26DC00ED7963 /* Home */ = {
			isa = PBXGroup;
			children = (
				796DDE68256B26E600ED7963 /* Cell */,
				796DDE4F256B253A00ED7963 /* HomeViewController.swift */,
			);
			path = Home;
			sourceTree = "<group>";
		};
		796DDE68256B26E600ED7963 /* Cell */ = {
			isa = PBXGroup;
			children = (
				796DDE69256B271300ED7963 /* HomeTableViewCell.swift */,
				796DDE6A256B271300ED7963 /* HomeTableViewCell.xib */,
			);
			path = Cell;
			sourceTree = "<group>";
		};
		796DDE6E256B2CA500ED7963 /* AddProduct */ = {
			isa = PBXGroup;
			children = (
				796DDE6F256B2CC200ED7963 /* AddProductViewController.swift */,
			);
			path = AddProduct;
			sourceTree = "<group>";
		};
/* End PBXGroup section */

/* Begin PBXNativeTarget section */
		796DDE47256B253A00ED7963 /* Inventroy System */ = {
			isa = PBXNativeTarget;
			buildConfigurationList = 796DDE5F256B254100ED7963 /* Build configuration list for PBXNativeTarget "Inventroy System" */;
			buildPhases = (
				796DDE44256B253A00ED7963 /* Sources */,
				796DDE45256B253A00ED7963 /* Frameworks */,
				796DDE46256B253A00ED7963 /* Resources */,
			);
			buildRules = (
			);
			dependencies = (
			);
			name = "Inventroy System";
			productName = "Inventroy System";
			productReference = 796DDE48256B253A00ED7963 /* Inventroy System.app */;
			productType = "com.apple.product-type.application";
		};
/* End PBXNativeTarget section */

/* Begin PBXProject section */
		796DDE40256B253900ED7963 /* Project object */ = {
			isa = PBXProject;
			attributes = {
				LastSwiftUpdateCheck = 1220;
				LastUpgradeCheck = 1220;
				TargetAttributes = {
					796DDE47256B253A00ED7963 = {
						CreatedOnToolsVersion = 12.2;
					};
				};
			};
			buildConfigurationList = 796DDE43256B253900ED7963 /* Build configuration list for PBXProject "Inventroy System" */;
			compatibilityVersion = "Xcode 9.3";
			developmentRegion = en;
			hasScannedForEncodings = 0;
			knownRegions = (
				en,
				Base,
			);
			mainGroup = 796DDE3F256B253900ED7963;
			productRefGroup = 796DDE49256B253A00ED7963 /* Products */;
			projectDirPath = "";
			projectRoot = "";
			targets = (
				796DDE47256B253A00ED7963 /* Inventroy System */,
			);
		};
/* End PBXProject section */

/* Begin PBXResourcesBuildPhase section */
		796DDE46256B253A00ED7963 /* Resources */ = {
			isa = PBXResourcesBuildPhase;
			buildActionMask = 2147483647;
			files = (
				796DDE5B256B254100ED7963 /* LaunchScreen.storyboard in Resources */,
				796DDE58256B254100ED7963 /* Assets.xcassets in Resources */,
				796DDE6C256B271300ED7963 /* HomeTableViewCell.xib in Resources */,
				796DDE53256B253A00ED7963 /* Main.storyboard in Resources */,
			);
			runOnlyForDeploymentPostprocessing = 0;
		};
/* End PBXResourcesBuildPhase section */

/* Begin PBXSourcesBuildPhase section */
		796DDE44256B253A00ED7963 /* Sources */ = {
			isa = PBXSourcesBuildPhase;
			buildActionMask = 2147483647;
			files = (
				796DDE50256B253A00ED7963 /* HomeViewController.swift in Sources */,
				796DDE6B256B271300ED7963 /* HomeTableViewCell.swift in Sources */,
				796DDE70256B2CC200ED7963 /* AddProductViewController.swift in Sources */,
				796DDE75256B34E500ED7963 /* Product+CoreDataClass.swift in Sources */,
				796DDE4C256B253A00ED7963 /* AppDelegate.swift in Sources */,
				796DDE4E256B253A00ED7963 /* SceneDelegate.swift in Sources */,
				796DDE76256B34E500ED7963 /* Product+CoreDataProperties.swift in Sources */,
				796DDE56256B253A00ED7963 /* Inventroy_System.xcdatamodeld in Sources */,
			);
			runOnlyForDeploymentPostprocessing = 0;
		};
/* End PBXSourcesBuildPhase section */

/* Begin PBXVariantGroup section */
		796DDE51256B253A00ED7963 /* Main.storyboard */ = {
			isa = PBXVariantGroup;
			children = (
				796DDE52256B253A00ED7963 /* Base */,
			);
			name = Main.storyboard;
			sourceTree = "<group>";
		};
		796DDE59256B254100ED7963 /* LaunchScreen.storyboard */ = {
			isa = PBXVariantGroup;
			children = (
				796DDE5A256B254100ED7963 /* Base */,
			);
			name = LaunchScreen.storyboard;
			sourceTree = "<group>";
		};
/* End PBXVariantGroup section */

/* Begin XCBuildConfiguration section */
		796DDE5D256B254100ED7963 /* Debug */ = {
			isa = XCBuildConfiguration;
			buildSettings = {
				ALWAYS_SEARCH_USER_PATHS = NO;
				CLANG_ANALYZER_NONNULL = YES;
				CLANG_ANALYZER_NUMBER_OBJECT_CONVERSION = YES_AGGRESSIVE;
				CLANG_CXX_LANGUAGE_STANDARD = "gnu++14";
				CLANG_CXX_LIBRARY = "libc++";
				CLANG_ENABLE_MODULES = YES;
				CLANG_ENABLE_OBJC_ARC = YES;
				CLANG_ENABLE_OBJC_WEAK = YES;
				CLANG_WARN_BLOCK_CAPTURE_AUTORELEASING = YES;
				CLANG_WARN_BOOL_CONVERSION = YES;
				CLANG_WARN_COMMA = YES;
				CLANG_WARN_CONSTANT_CONVERSION = YES;
				CLANG_WARN_DEPRECATED_OBJC_IMPLEMENTATIONS = YES;
				CLANG_WARN_DIRECT_OBJC_ISA_USAGE = YES_ERROR;
				CLANG_WARN_DOCUMENTATION_COMMENTS = YES;
				CLANG_WARN_EMPTY_BODY = YES;
				CLANG_WARN_ENUM_CONVERSION = YES;
				CLANG_WARN_INFINITE_RECURSION = YES;
				CLANG_WARN_INT_CONVERSION = YES;
				CLANG_WARN_NON_LITERAL_NULL_CONVERSION = YES;
				CLANG_WARN_OBJC_IMPLICIT_RETAIN_SELF = YES;
				CLANG_WARN_OBJC_LITERAL_CONVERSION = YES;
				CLANG_WARN_OBJC_ROOT_CLASS = YES_ERROR;
				CLANG_WARN_QUOTED_INCLUDE_IN_FRAMEWORK_HEADER = YES;
				CLANG_WARN_RANGE_LOOP_ANALYSIS = YES;
				CLANG_WARN_STRICT_PROTOTYPES = YES;
				CLANG_WARN_SUSPICIOUS_MOVE = YES;
				CLANG_WARN_UNGUARDED_AVAILABILITY = YES_AGGRESSIVE;
				CLANG_WARN_UNREACHABLE_CODE = YES;
				CLANG_WARN__DUPLICATE_METHOD_MATCH = YES;
				COPY_PHASE_STRIP = NO;
				DEBUG_INFORMATION_FORMAT = dwarf;
				ENABLE_STRICT_OBJC_MSGSEND = YES;
				ENABLE_TESTABILITY = YES;
				GCC_C_LANGUAGE_STANDARD = gnu11;
				GCC_DYNAMIC_NO_PIC = NO;
				GCC_NO_COMMON_BLOCKS = YES;
				GCC_OPTIMIZATION_LEVEL = 0;
				GCC_PREPROCESSOR_DEFINITIONS = (
					"DEBUG=1",
					"$(inherited)",
				);
				GCC_WARN_64_TO_32_BIT_CONVERSION = YES;
				GCC_WARN_ABOUT_RETURN_TYPE = YES_ERROR;
				GCC_WARN_UNDECLARED_SELECTOR = YES;
				GCC_WARN_UNINITIALIZED_AUTOS = YES_AGGRESSIVE;
				GCC_WARN_UNUSED_FUNCTION = YES;
				GCC_WARN_UNUSED_VARIABLE = YES;
				IPHONEOS_DEPLOYMENT_TARGET = 14.2;
				MTL_ENABLE_DEBUG_INFO = INCLUDE_SOURCE;
				MTL_FAST_MATH = YES;
				ONLY_ACTIVE_ARCH = YES;
				SDKROOT = iphoneos;
				SWIFT_ACTIVE_COMPILATION_CONDITIONS = DEBUG;
				SWIFT_OPTIMIZATION_LEVEL = "-Onone";
			};
			name = Debug;
		};
		796DDE5E256B254100ED7963 /* Release */ = {
			isa = XCBuildConfiguration;
			buildSettings = {
				ALWAYS_SEARCH_USER_PATHS = NO;
				CLANG_ANALYZER_NONNULL = YES;
				CLANG_ANALYZER_NUMBER_OBJECT_CONVERSION = YES_AGGRESSIVE;
				CLANG_CXX_LANGUAGE_STANDARD = "gnu++14";
				CLANG_CXX_LIBRARY = "libc++";
				CLANG_ENABLE_MODULES = YES;
				CLANG_ENABLE_OBJC_ARC = YES;
				CLANG_ENABLE_OBJC_WEAK = YES;
				CLANG_WARN_BLOCK_CAPTURE_AUTORELEASING = YES;
				CLANG_WARN_BOOL_CONVERSION = YES;
				CLANG_WARN_COMMA = YES;
				CLANG_WARN_CONSTANT_CONVERSION = YES;
				CLANG_WARN_DEPRECATED_OBJC_IMPLEMENTATIONS = YES;
				CLANG_WARN_DIRECT_OBJC_ISA_USAGE = YES_ERROR;
				CLANG_WARN_DOCUMENTATION_COMMENTS = YES;
				CLANG_WARN_EMPTY_BODY = YES;
				CLANG_WARN_ENUM_CONVERSION = YES;
				CLANG_WARN_INFINITE_RECURSION = YES;
				CLANG_WARN_INT_CONVERSION = YES;
				CLANG_WARN_NON_LITERAL_NULL_CONVERSION = YES;
				CLANG_WARN_OBJC_IMPLICIT_RETAIN_SELF = YES;
				CLANG_WARN_OBJC_LITERAL_CONVERSION = YES;
				CLANG_WARN_OBJC_ROOT_CLASS = YES_ERROR;
				CLANG_WARN_QUOTED_INCLUDE_IN_FRAMEWORK_HEADER = YES;
				CLANG_WARN_RANGE_LOOP_ANALYSIS = YES;
				CLANG_WARN_STRICT_PROTOTYPES = YES;
				CLANG_WARN_SUSPICIOUS_MOVE = YES;
				CLANG_WARN_UNGUARDED_AVAILABILITY = YES_AGGRESSIVE;
				CLANG_WARN_UNREACHABLE_CODE = YES;
				CLANG_WARN__DUPLICATE_METHOD_MATCH = YES;
				COPY_PHASE_STRIP = NO;
				DEBUG_INFORMATION_FORMAT = "dwarf-with-dsym";
				ENABLE_NS_ASSERTIONS = NO;
				ENABLE_STRICT_OBJC_MSGSEND = YES;
				GCC_C_LANGUAGE_STANDARD = gnu11;
				GCC_NO_COMMON_BLOCKS = YES;
				GCC_WARN_64_TO_32_BIT_CONVERSION = YES;
				GCC_WARN_ABOUT_RETURN_TYPE = YES_ERROR;
				GCC_WARN_UNDECLARED_SELECTOR = YES;
				GCC_WARN_UNINITIALIZED_AUTOS = YES_AGGRESSIVE;
				GCC_WARN_UNUSED_FUNCTION = YES;
				GCC_WARN_UNUSED_VARIABLE = YES;
				IPHONEOS_DEPLOYMENT_TARGET = 14.2;
				MTL_ENABLE_DEBUG_INFO = NO;
				MTL_FAST_MATH = YES;
				SDKROOT = iphoneos;
				SWIFT_COMPILATION_MODE = wholemodule;
				SWIFT_OPTIMIZATION_LEVEL = "-O";
				VALIDATE_PRODUCT = YES;
			};
			name = Release;
		};
		796DDE60256B254100ED7963 /* Debug */ = {
			isa = XCBuildConfiguration;
			buildSettings = {
				ASSETCATALOG_COMPILER_APPICON_NAME = AppIcon;
				ASSETCATALOG_COMPILER_GLOBAL_ACCENT_COLOR_NAME = AccentColor;
				CODE_SIGN_STYLE = Automatic;
				DEVELOPMENT_TEAM = L5Y442FJFB;
				INFOPLIST_FILE = "Inventroy System/Info.plist";
				LD_RUNPATH_SEARCH_PATHS = (
					"$(inherited)",
					"@executable_path/Frameworks",
				);
				PRODUCT_BUNDLE_IDENTIFIER = "com.ans96283.Inventroy-System";
				PRODUCT_NAME = "$(TARGET_NAME)";
				SWIFT_VERSION = 5.0;
				TARGETED_DEVICE_FAMILY = "1,2";
			};
			name = Debug;
		};
		796DDE61256B254100ED7963 /* Release */ = {
			isa = XCBuildConfiguration;
			buildSettings = {
				ASSETCATALOG_COMPILER_APPICON_NAME = AppIcon;
				ASSETCATALOG_COMPILER_GLOBAL_ACCENT_COLOR_NAME = AccentColor;
				CODE_SIGN_STYLE = Automatic;
				DEVELOPMENT_TEAM = L5Y442FJFB;
				INFOPLIST_FILE = "Inventroy System/Info.plist";
				LD_RUNPATH_SEARCH_PATHS = (
					"$(inherited)",
					"@executable_path/Frameworks",
				);
				PRODUCT_BUNDLE_IDENTIFIER = "com.ans96283.Inventroy-System";
				PRODUCT_NAME = "$(TARGET_NAME)";
				SWIFT_VERSION = 5.0;
				TARGETED_DEVICE_FAMILY = "1,2";
			};
			name = Release;
		};
/* End XCBuildConfiguration section */

/* Begin XCConfigurationList section */
		796DDE43256B253900ED7963 /* Build configuration list for PBXProject "Inventroy System" */ = {
			isa = XCConfigurationList;
			buildConfigurations = (
				796DDE5D256B254100ED7963 /* Debug */,
				796DDE5E256B254100ED7963 /* Release */,
			);
			defaultConfigurationIsVisible = 0;
			defaultConfigurationName = Release;
		};
		796DDE5F256B254100ED7963 /* Build configuration list for PBXNativeTarget "Inventroy System" */ = {
			isa = XCConfigurationList;
			buildConfigurations = (
				796DDE60256B254100ED7963 /* Debug */,
				796DDE61256B254100ED7963 /* Release */,
			);
			defaultConfigurationIsVisible = 0;
			defaultConfigurationName = Release;
		};
/* End XCConfigurationList section */

/* Begin XCVersionGroup section */
		796DDE54256B253A00ED7963 /* Inventroy_System.xcdatamodeld */ = {
			isa = XCVersionGroup;
			children = (
				796DDE55256B253A00ED7963 /* Inventroy_System.xcdatamodel */,
			);
			currentVersion = 796DDE55256B253A00ED7963 /* Inventroy_System.xcdatamodel */;
			path = Inventroy_System.xcdatamodeld;
			sourceTree = "<group>";
			versionGroupType = wrapper.xcdatamodel;
		};
/* End XCVersionGroup section */
	};
	rootObject = 796DDE40256B253900ED7963 /* Project object */;
}
